
Microsoft Visual Studio Solution File, Format Version 12.00
# Visual Studio Version 17
Project("{2150E333-8FDC-42A3-9474-1A3956D46DE8}") = "CMakePredefinedTargets", "CMakePredefinedTargets", "{7ABE8202-B49E-3CC3-9D3E-045114D727E1}"
EndProject
Project("{2150E333-8FDC-42A3-9474-1A3956D46DE8}") = "GLFW3", "GLFW3", "{987D3256-09C2-328C-9E86-3A5F48072FF2}"
EndProject
Project("{2150E333-8FDC-42A3-9474-1A3956D46DE8}") = "Examples", "GLFW3\Examples", "{5D6EE828-04CF-39CE-9CB6-AA2A92875729}"
EndProject
Project("{2150E333-8FDC-42A3-9474-1A3956D46DE8}") = "Tests", "GLFW3\Tests", "{6DB5771A-F6DA-39FF-959B-F920830B7FE2}"
EndProject
Project("{8BC9CEB8-8B4A-11D0-8D11-00A0C91BC942}") = "ALL_BUILD", "ALL_BUILD.vcxproj", "{873C70D2-0151-3D8D-8916-5A332C0E1309}"
	ProjectSection(ProjectDependencies) = postProject
		{8E9553F1-522E-3FB5-93B5-86D7472B2AB2} = {8E9553F1-522E-3FB5-93B5-86D7472B2AB2}
		{6C47DCEB-172A-3C88-AE3A-A87877757718} = {6C47DCEB-172A-3C88-AE3A-A87877757718}
		{E41262F1-766F-3F1B-9F9B-B6E4439E41FB} = {E41262F1-766F-3F1B-9F9B-B6E4439E41FB}
		{7C92D295-5153-3126-ABE9-E054C500FEB6} = {7C92D295-5153-3126-ABE9-E054C500FEB6}
		{968D37C8-320F-3F65-88E6-3303ABE75E7F} = {968D37C8-320F-3F65-88E6-3303ABE75E7F}
		{26A646F0-3956-3A72-B716-7E77D781BB02} = {26A646F0-3956-3A72-B716-7E77D781BB02}
		{F08E01C4-A9C4-368E-B48D-F662DBD2EA45} = {F08E01C4-A9C4-368E-B48D-F662DBD2EA45}
		{49B352D9-AB55-3204-9C14-4A03E9D5F134} = {49B352D9-AB55-3204-9C14-4A03E9D5F134}
		{13F7E697-BDEA-3B19-8B39-B1B39015D1DB} = {13F7E697-BDEA-3B19-8B39-B1B39015D1DB}
		{A3B6CFE8-5F9A-38A3-A89F-0F49EAF6C5D8} = {A3B6CFE8-5F9A-38A3-A89F-0F49EAF6C5D8}
		{FC9DB5F6-BCBA-3CE5-9443-2FD4C0AF4CDC} = {FC9DB5F6-BCBA-3CE5-9443-2FD4C0AF4CDC}
		{E78FC9DB-29FF-3E68-A335-1A313143EF4D} = {E78FC9DB-29FF-3E68-A335-1A313143EF4D}
		{C72D8DA5-1FE6-3315-A53E-D3F31FD796E1} = {C72D8DA5-1FE6-3315-A53E-D3F31FD796E1}
		{99F30009-97B5-388C-86C1-EE85A881C71E} = {99F30009-97B5-388C-86C1-EE85A881C71E}
		{AE64FEEB-8CBB-3C3A-8534-AFA7AB117493} = {AE64FEEB-8CBB-3C3A-8534-AFA7AB117493}
		{818FA8C6-209A-3DE4-8F4A-2AF0516914B4} = {818FA8C6-209A-3DE4-8F4A-2AF0516914B4}
		{D7B2741E-F254-3100-8774-D1F78A5829DF} = {D7B2741E-F254-3100-8774-D1F78A5829DF}
		{E4AD17DA-8A8A-3894-BD76-11EDD95462A8} = {E4AD17DA-8A8A-3894-BD76-11EDD95462A8}
		{07EE816C-A4FA-3BF4-9C17-26562D038447} = {07EE816C-A4FA-3BF4-9C17-26562D038447}
		{E614E14D-809D-3291-8911-4AE6A3EE7F61} = {E614E14D-809D-3291-8911-4AE6A3EE7F61}
		{B9664DBF-A418-3968-8CFB-364F56CE13AF} = {B9664DBF-A418-3968-8CFB-364F56CE13AF}
		{DF97BB48-6E16-30DE-8FBF-18B3D3199B1C} = {DF97BB48-6E16-30DE-8FBF-18B3D3199B1C}
		{48F7E6AA-0840-3F9D-8BBF-32B9A5A515BD} = {48F7E6AA-0840-3F9D-8BBF-32B9A5A515BD}
		{4571D72F-7000-3CE4-B3FB-ADBD11AB0DB0} = {4571D72F-7000-3CE4-B3FB-ADBD11AB0DB0}
		{3BD4FD29-D06D-3CFA-B935-DF182E25FE8C} = {3BD4FD29-D06D-3CFA-B935-DF182E25FE8C}
		{E14BC15C-C692-3E45-8929-8F9AAFA0519E} = {E14BC15C-C692-3E45-8929-8F9AAFA0519E}
		{3637834F-E70E-3814-9B25-1B6E556D2FB5} = {3637834F-E70E-3814-9B25-1B6E556D2FB5}
		{B51F9664-2753-3413-82C3-F856EA390747} = {B51F9664-2753-3413-82C3-F856EA390747}
		{B6800FB1-D976-33EA-84FD-A5229309881E} = {B6800FB1-D976-33EA-84FD-A5229309881E}
		{55136677-208A-3DCF-95F1-5A6E9D1EE3F6} = {55136677-208A-3DCF-95F1-5A6E9D1EE3F6}
		{65CF0396-D612-3E85-989C-F0EE35ADE41A} = {65CF0396-D612-3E85-989C-F0EE35ADE41A}
	EndProjectSection
EndProject
Project("{8BC9CEB8-8B4A-11D0-8D11-00A0C91BC942}") = "INSTALL", "INSTALL.vcxproj", "{EB5D0672-E7F1-38A8-8975-7CCC4271CBA0}"
	ProjectSection(ProjectDependencies) = postProject
		{873C70D2-0151-3D8D-8916-5A332C0E1309} = {873C70D2-0151-3D8D-8916-5A332C0E1309}
		{8E9553F1-522E-3FB5-93B5-86D7472B2AB2} = {8E9553F1-522E-3FB5-93B5-86D7472B2AB2}
	EndProjectSection
EndProject
Project("{8BC9CEB8-8B4A-11D0-8D11-00A0C91BC942}") = "ZERO_CHECK", "ZERO_CHECK.vcxproj", "{8E9553F1-522E-3FB5-93B5-86D7472B2AB2}"
	ProjectSection(ProjectDependencies) = postProject
	EndProjectSection
EndProject
Project("{8BC9CEB8-8B4A-11D0-8D11-00A0C91BC942}") = "boing", "examples\boing.vcxproj", "{6C47DCEB-172A-3C88-AE3A-A87877757718}"
	ProjectSection(ProjectDependencies) = postProject
		{8E9553F1-522E-3FB5-93B5-86D7472B2AB2} = {8E9553F1-522E-3FB5-93B5-86D7472B2AB2}
		{13F7E697-BDEA-3B19-8B39-B1B39015D1DB} = {13F7E697-BDEA-3B19-8B39-B1B39015D1DB}
	EndProjectSection
EndProject
Project("{8BC9CEB8-8B4A-11D0-8D11-00A0C91BC942}") = "clipboard", "tests\clipboard.vcxproj", "{E41262F1-766F-3F1B-9F9B-B6E4439E41FB}"
	ProjectSection(ProjectDependencies) = postProject
		{8E9553F1-522E-3FB5-93B5-86D7472B2AB2} = {8E9553F1-522E-3FB5-93B5-86D7472B2AB2}
		{13F7E697-BDEA-3B19-8B39-B1B39015D1DB} = {13F7E697-BDEA-3B19-8B39-B1B39015D1DB}
	EndProjectSection
EndProject
Project("{8BC9CEB8-8B4A-11D0-8D11-00A0C91BC942}") = "cursor", "tests\cursor.vcxproj", "{7C92D295-5153-3126-ABE9-E054C500FEB6}"
	ProjectSection(ProjectDependencies) = postProject
		{8E9553F1-522E-3FB5-93B5-86D7472B2AB2} = {8E9553F1-522E-3FB5-93B5-86D7472B2AB2}
		{13F7E697-BDEA-3B19-8B39-B1B39015D1DB} = {13F7E697-BDEA-3B19-8B39-B1B39015D1DB}
	EndProjectSection
EndProject
Project("{8BC9CEB8-8B4A-11D0-8D11-00A0C91BC942}") = "empty", "tests\empty.vcxproj", "{968D37C8-320F-3F65-88E6-3303ABE75E7F}"
	ProjectSection(ProjectDependencies) = postProject
		{8E9553F1-522E-3FB5-93B5-86D7472B2AB2} = {8E9553F1-522E-3FB5-93B5-86D7472B2AB2}
		{13F7E697-BDEA-3B19-8B39-B1B39015D1DB} = {13F7E697-BDEA-3B19-8B39-B1B39015D1DB}
	EndProjectSection
EndProject
Project("{8BC9CEB8-8B4A-11D0-8D11-00A0C91BC942}") = "events", "tests\events.vcxproj", "{26A646F0-3956-3A72-B716-7E77D781BB02}"
	ProjectSection(ProjectDependencies) = postProject
		{8E9553F1-522E-3FB5-93B5-86D7472B2AB2} = {8E9553F1-522E-3FB5-93B5-86D7472B2AB2}
		{13F7E697-BDEA-3B19-8B39-B1B39015D1DB} = {13F7E697-BDEA-3B19-8B39-B1B39015D1DB}
	EndProjectSection
EndProject
Project("{8BC9CEB8-8B4A-11D0-8D11-00A0C91BC942}") = "gamma", "tests\gamma.vcxproj", "{F08E01C4-A9C4-368E-B48D-F662DBD2EA45}"
	ProjectSection(ProjectDependencies) = postProject
		{8E9553F1-522E-3FB5-93B5-86D7472B2AB2} = {8E9553F1-522E-3FB5-93B5-86D7472B2AB2}
		{13F7E697-BDEA-3B19-8B39-B1B39015D1DB} = {13F7E697-BDEA-3B19-8B39-B1B39015D1DB}
	EndProjectSection
EndProject
Project("{8BC9CEB8-8B4A-11D0-8D11-00A0C91BC942}") = "gears", "examples\gears.vcxproj", "{49B352D9-AB55-3204-9C14-4A03E9D5F134}"
	ProjectSection(ProjectDependencies) = postProject
		{8E9553F1-522E-3FB5-93B5-86D7472B2AB2} = {8E9553F1-522E-3FB5-93B5-86D7472B2AB2}
		{13F7E697-BDEA-3B19-8B39-B1B39015D1DB} = {13F7E697-BDEA-3B19-8B39-B1B39015D1DB}
	EndProjectSection
EndProject
Project("{8BC9CEB8-8B4A-11D0-8D11-00A0C91BC942}") = "glfw", "src\glfw.vcxproj", "{13F7E697-BDEA-3B19-8B39-B1B39015D1DB}"
	ProjectSection(ProjectDependencies) = postProject
		{8E9553F1-522E-3FB5-93B5-86D7472B2AB2} = {8E9553F1-522E-3FB5-93B5-86D7472B2AB2}
	EndProjectSection
EndProject
Project("{8BC9CEB8-8B4A-11D0-8D11-00A0C91BC942}") = "glfwinfo", "tests\glfwinfo.vcxproj", "{A3B6CFE8-5F9A-38A3-A89F-0F49EAF6C5D8}"
	ProjectSection(ProjectDependencies) = postProject
		{8E9553F1-522E-3FB5-93B5-86D7472B2AB2} = {8E9553F1-522E-3FB5-93B5-86D7472B2AB2}
		{13F7E697-BDEA-3B19-8B39-B1B39015D1DB} = {13F7E697-BDEA-3B19-8B39-B1B39015D1DB}
	EndProjectSection
EndProject
Project("{8BC9CEB8-8B4A-11D0-8D11-00A0C91BC942}") = "heightmap", "examples\heightmap.vcxproj", "{FC9DB5F6-BCBA-3CE5-9443-2FD4C0AF4CDC}"
	ProjectSection(ProjectDependencies) = postProject
		{8E9553F1-522E-3FB5-93B5-86D7472B2AB2} = {8E9553F1-522E-3FB5-93B5-86D7472B2AB2}
		{13F7E697-BDEA-3B19-8B39-B1B39015D1DB} = {13F7E697-BDEA-3B19-8B39-B1B39015D1DB}
	EndProjectSection
EndProject
Project("{8BC9CEB8-8B4A-11D0-8D11-00A0C91BC942}") = "icon", "tests\icon.vcxproj", "{E78FC9DB-29FF-3E68-A335-1A313143EF4D}"
	ProjectSection(ProjectDependencies) = postProject
		{8E9553F1-522E-3FB5-93B5-86D7472B2AB2} = {8E9553F1-522E-3FB5-93B5-86D7472B2AB2}
		{13F7E697-BDEA-3B19-8B39-B1B39015D1DB} = {13F7E697-BDEA-3B19-8B39-B1B39015D1DB}
	EndProjectSection
EndProject
Project("{8BC9CEB8-8B4A-11D0-8D11-00A0C91BC942}") = "iconify", "tests\iconify.vcxproj", "{C72D8DA5-1FE6-3315-A53E-D3F31FD796E1}"
	ProjectSection(ProjectDependencies) = postProject
		{8E9553F1-522E-3FB5-93B5-86D7472B2AB2} = {8E9553F1-522E-3FB5-93B5-86D7472B2AB2}
		{13F7E697-BDEA-3B19-8B39-B1B39015D1DB} = {13F7E697-BDEA-3B19-8B39-B1B39015D1DB}
	EndProjectSection
EndProject
Project("{8BC9CEB8-8B4A-11D0-8D11-00A0C91BC942}") = "inputlag", "tests\inputlag.vcxproj", "{99F30009-97B5-388C-86C1-EE85A881C71E}"
	ProjectSection(ProjectDependencies) = postProject
		{8E9553F1-522E-3FB5-93B5-86D7472B2AB2} = {8E9553F1-522E-3FB5-93B5-86D7472B2AB2}
		{13F7E697-BDEA-3B19-8B39-B1B39015D1DB} = {13F7E697-BDEA-3B19-8B39-B1B39015D1DB}
	EndProjectSection
EndProject
Project("{8BC9CEB8-8B4A-11D0-8D11-00A0C91BC942}") = "joysticks", "tests\joysticks.vcxproj", "{AE64FEEB-8CBB-3C3A-8534-AFA7AB117493}"
	ProjectSection(ProjectDependencies) = postProject
		{8E9553F1-522E-3FB5-93B5-86D7472B2AB2} = {8E9553F1-522E-3FB5-93B5-86D7472B2AB2}
		{13F7E697-BDEA-3B19-8B39-B1B39015D1DB} = {13F7E697-BDEA-3B19-8B39-B1B39015D1DB}
	EndProjectSection
EndProject
Project("{8BC9CEB8-8B4A-11D0-8D11-00A0C91BC942}") = "monitors", "tests\monitors.vcxproj", "{818FA8C6-209A-3DE4-8F4A-2AF0516914B4}"
	ProjectSection(ProjectDependencies) = postProject
		{8E9553F1-522E-3FB5-93B5-86D7472B2AB2} = {8E9553F1-522E-3FB5-93B5-86D7472B2AB2}
		{13F7E697-BDEA-3B19-8B39-B1B39015D1DB} = {13F7E697-BDEA-3B19-8B39-B1B39015D1DB}
	EndProjectSection
EndProject
Project("{8BC9CEB8-8B4A-11D0-8D11-00A0C91BC942}") = "msaa", "tests\msaa.vcxproj", "{D7B2741E-F254-3100-8774-D1F78A5829DF}"
	ProjectSection(ProjectDependencies) = postProject
		{8E9553F1-522E-3FB5-93B5-86D7472B2AB2} = {8E9553F1-522E-3FB5-93B5-86D7472B2AB2}
		{13F7E697-BDEA-3B19-8B39-B1B39015D1DB} = {13F7E697-BDEA-3B19-8B39-B1B39015D1DB}
	EndProjectSection
EndProject
Project("{8BC9CEB8-8B4A-11D0-8D11-00A0C91BC942}") = "offscreen", "examples\offscreen.vcxproj", "{E4AD17DA-8A8A-3894-BD76-11EDD95462A8}"
	ProjectSection(ProjectDependencies) = postProject
		{8E9553F1-522E-3FB5-93B5-86D7472B2AB2} = {8E9553F1-522E-3FB5-93B5-86D7472B2AB2}
		{13F7E697-BDEA-3B19-8B39-B1B39015D1DB} = {13F7E697-BDEA-3B19-8B39-B1B39015D1DB}
	EndProjectSection
EndProject
Project("{8BC9CEB8-8B4A-11D0-8D11-00A0C91BC942}") = "opacity", "tests\opacity.vcxproj", "{07EE816C-A4FA-3BF4-9C17-26562D038447}"
	ProjectSection(ProjectDependencies) = postProject
		{8E9553F1-522E-3FB5-93B5-86D7472B2AB2} = {8E9553F1-522E-3FB5-93B5-86D7472B2AB2}
		{13F7E697-BDEA-3B19-8B39-B1B39015D1DB} = {13F7E697-BDEA-3B19-8B39-B1B39015D1DB}
	EndProjectSection
EndProject
Project("{8BC9CEB8-8B4A-11D0-8D11-00A0C91BC942}") = "particles", "examples\particles.vcxproj", "{E614E14D-809D-3291-8911-4AE6A3EE7F61}"
	ProjectSection(ProjectDependencies) = postProject
		{8E9553F1-522E-3FB5-93B5-86D7472B2AB2} = {8E9553F1-522E-3FB5-93B5-86D7472B2AB2}
		{13F7E697-BDEA-3B19-8B39-B1B39015D1DB} = {13F7E697-BDEA-3B19-8B39-B1B39015D1DB}
	EndProjectSection
EndProject
Project("{8BC9CEB8-8B4A-11D0-8D11-00A0C91BC942}") = "reopen", "tests\reopen.vcxproj", "{B9664DBF-A418-3968-8CFB-364F56CE13AF}"
	ProjectSection(ProjectDependencies) = postProject
		{8E9553F1-522E-3FB5-93B5-86D7472B2AB2} = {8E9553F1-522E-3FB5-93B5-86D7472B2AB2}
		{13F7E697-BDEA-3B19-8B39-B1B39015D1DB} = {13F7E697-BDEA-3B19-8B39-B1B39015D1DB}
	EndProjectSection
EndProject
Project("{8BC9CEB8-8B4A-11D0-8D11-00A0C91BC942}") = "sharing", "examples\sharing.vcxproj", "{DF97BB48-6E16-30DE-8FBF-18B3D3199B1C}"
	ProjectSection(ProjectDependencies) = postProject
		{8E9553F1-522E-3FB5-93B5-86D7472B2AB2} = {8E9553F1-522E-3FB5-93B5-86D7472B2AB2}
		{13F7E697-BDEA-3B19-8B39-B1B39015D1DB} = {13F7E697-BDEA-3B19-8B39-B1B39015D1DB}
	EndProjectSection
EndProject
Project("{8BC9CEB8-8B4A-11D0-8D11-00A0C91BC942}") = "simple", "examples\simple.vcxproj", "{48F7E6AA-0840-3F9D-8BBF-32B9A5A515BD}"
	ProjectSection(ProjectDependencies) = postProject
		{8E9553F1-522E-3FB5-93B5-86D7472B2AB2} = {8E9553F1-522E-3FB5-93B5-86D7472B2AB2}
		{13F7E697-BDEA-3B19-8B39-B1B39015D1DB} = {13F7E697-BDEA-3B19-8B39-B1B39015D1DB}
	EndProjectSection
EndProject
Project("{8BC9CEB8-8B4A-11D0-8D11-00A0C91BC942}") = "splitview", "examples\splitview.vcxproj", "{4571D72F-7000-3CE4-B3FB-ADBD11AB0DB0}"
	ProjectSection(ProjectDependencies) = postProject
		{8E9553F1-522E-3FB5-93B5-86D7472B2AB2} = {8E9553F1-522E-3FB5-93B5-86D7472B2AB2}
		{13F7E697-BDEA-3B19-8B39-B1B39015D1DB} = {13F7E697-BDEA-3B19-8B39-B1B39015D1DB}
	EndProjectSection
EndProject
Project("{8BC9CEB8-8B4A-11D0-8D11-00A0C91BC942}") = "tearing", "tests\tearing.vcxproj", "{3BD4FD29-D06D-3CFA-B935-DF182E25FE8C}"
	ProjectSection(ProjectDependencies) = postProject
		{8E9553F1-522E-3FB5-93B5-86D7472B2AB2} = {8E9553F1-522E-3FB5-93B5-86D7472B2AB2}
		{13F7E697-BDEA-3B19-8B39-B1B39015D1DB} = {13F7E697-BDEA-3B19-8B39-B1B39015D1DB}
	EndProjectSection
EndProject
Project("{8BC9CEB8-8B4A-11D0-8D11-00A0C91BC942}") = "threads", "tests\threads.vcxproj", "{E14BC15C-C692-3E45-8929-8F9AAFA0519E}"
	ProjectSection(ProjectDependencies) = postProject
		{8E9553F1-522E-3FB5-93B5-86D7472B2AB2} = {8E9553F1-522E-3FB5-93B5-86D7472B2AB2}
		{13F7E697-BDEA-3B19-8B39-B1B39015D1DB} = {13F7E697-BDEA-3B19-8B39-B1B39015D1DB}
	EndProjectSection
EndProject
Project("{8BC9CEB8-8B4A-11D0-8D11-00A0C91BC942}") = "timeout", "tests\timeout.vcxproj", "{3637834F-E70E-3814-9B25-1B6E556D2FB5}"
	ProjectSection(ProjectDependencies) = postProject
		{8E9553F1-522E-3FB5-93B5-86D7472B2AB2} = {8E9553F1-522E-3FB5-93B5-86D7472B2AB2}
		{13F7E697-BDEA-3B19-8B39-B1B39015D1DB} = {13F7E697-BDEA-3B19-8B39-B1B39015D1DB}
	EndProjectSection
EndProject
Project("{8BC9CEB8-8B4A-11D0-8D11-00A0C91BC942}") = "title", "tests\title.vcxproj", "{B51F9664-2753-3413-82C3-F856EA390747}"
	ProjectSection(ProjectDependencies) = postProject
		{8E9553F1-522E-3FB5-93B5-86D7472B2AB2} = {8E9553F1-522E-3FB5-93B5-86D7472B2AB2}
		{13F7E697-BDEA-3B19-8B39-B1B39015D1DB} = {13F7E697-BDEA-3B19-8B39-B1B39015D1DB}
	EndProjectSection
EndProject
Project("{8BC9CEB8-8B4A-11D0-8D11-00A0C91BC942}") = "triangle-vulkan", "tests\triangle-vulkan.vcxproj", "{B6800FB1-D976-33EA-84FD-A5229309881E}"
	ProjectSection(ProjectDependencies) = postProject
		{8E9553F1-522E-3FB5-93B5-86D7472B2AB2} = {8E9553F1-522E-3FB5-93B5-86D7472B2AB2}
		{13F7E697-BDEA-3B19-8B39-B1B39015D1DB} = {13F7E697-BDEA-3B19-8B39-B1B39015D1DB}
	EndProjectSection
EndProject
Project("{8BC9CEB8-8B4A-11D0-8D11-00A0C91BC942}") = "uninstall", "uninstall.vcxproj", "{8555A42B-A809-3EC4-890E-DE59C7C76CEA}"
	ProjectSection(ProjectDependencies) = postProject
		{8E9553F1-522E-3FB5-93B5-86D7472B2AB2} = {8E9553F1-522E-3FB5-93B5-86D7472B2AB2}
	EndProjectSection
EndProject
Project("{8BC9CEB8-8B4A-11D0-8D11-00A0C91BC942}") = "update_mappings", "src\update_mappings.vcxproj", "{EDB9A786-E60B-3E3E-8B13-F04A5F83C217}"
	ProjectSection(ProjectDependencies) = postProject
		{8E9553F1-522E-3FB5-93B5-86D7472B2AB2} = {8E9553F1-522E-3FB5-93B5-86D7472B2AB2}
	EndProjectSection
EndProject
Project("{8BC9CEB8-8B4A-11D0-8D11-00A0C91BC942}") = "wave", "examples\wave.vcxproj", "{55136677-208A-3DCF-95F1-5A6E9D1EE3F6}"
	ProjectSection(ProjectDependencies) = postProject
		{8E9553F1-522E-3FB5-93B5-86D7472B2AB2} = {8E9553F1-522E-3FB5-93B5-86D7472B2AB2}
		{13F7E697-BDEA-3B19-8B39-B1B39015D1DB} = {13F7E697-BDEA-3B19-8B39-B1B39015D1DB}
	EndProjectSection
EndProject
Project("{8BC9CEB8-8B4A-11D0-8D11-00A0C91BC942}") = "windows", "tests\windows.vcxproj", "{65CF0396-D612-3E85-989C-F0EE35ADE41A}"
	ProjectSection(ProjectDependencies) = postProject
		{8E9553F1-522E-3FB5-93B5-86D7472B2AB2} = {8E9553F1-522E-3FB5-93B5-86D7472B2AB2}
		{13F7E697-BDEA-3B19-8B39-B1B39015D1DB} = {13F7E697-BDEA-3B19-8B39-B1B39015D1DB}
	EndProjectSection
EndProject
Global
	GlobalSection(SolutionConfigurationPlatforms) = preSolution
		Debug|x64 = Debug|x64
		Release|x64 = Release|x64
		MinSizeRel|x64 = MinSizeRel|x64
		RelWithDebInfo|x64 = RelWithDebInfo|x64
	EndGlobalSection
	GlobalSection(ProjectConfigurationPlatforms) = postSolution
		{873C70D2-0151-3D8D-8916-5A332C0E1309}.Debug|x64.ActiveCfg = Debug|x64
		{873C70D2-0151-3D8D-8916-5A332C0E1309}.Debug|x64.Build.0 = Debug|x64
		{873C70D2-0151-3D8D-8916-5A332C0E1309}.Release|x64.ActiveCfg = Release|x64
		{873C70D2-0151-3D8D-8916-5A332C0E1309}.Release|x64.Build.0 = Release|x64
		{873C70D2-0151-3D8D-8916-5A332C0E1309}.MinSizeRel|x64.ActiveCfg = MinSizeRel|x64
		{873C70D2-0151-3D8D-8916-5A332C0E1309}.MinSizeRel|x64.Build.0 = MinSizeRel|x64
		{873C70D2-0151-3D8D-8916-5A332C0E1309}.RelWithDebInfo|x64.ActiveCfg = RelWithDebInfo|x64
		{873C70D2-0151-3D8D-8916-5A332C0E1309}.RelWithDebInfo|x64.Build.0 = RelWithDebInfo|x64
		{EB5D0672-E7F1-38A8-8975-7CCC4271CBA0}.Debug|x64.ActiveCfg = Debug|x64
		{EB5D0672-E7F1-38A8-8975-7CCC4271CBA0}.Release|x64.ActiveCfg = Release|x64
		{EB5D0672-E7F1-38A8-8975-7CCC4271CBA0}.MinSizeRel|x64.ActiveCfg = MinSizeRel|x64
		{EB5D0672-E7F1-38A8-8975-7CCC4271CBA0}.RelWithDebInfo|x64.ActiveCfg = RelWithDebInfo|x64
		{8E9553F1-522E-3FB5-93B5-86D7472B2AB2}.Debug|x64.ActiveCfg = Debug|x64
		{8E9553F1-522E-3FB5-93B5-86D7472B2AB2}.Debug|x64.Build.0 = Debug|x64
		{8E9553F1-522E-3FB5-93B5-86D7472B2AB2}.Release|x64.ActiveCfg = Release|x64
		{8E9553F1-522E-3FB5-93B5-86D7472B2AB2}.Release|x64.Build.0 = Release|x64
		{8E9553F1-522E-3FB5-93B5-86D7472B2AB2}.MinSizeRel|x64.ActiveCfg = MinSizeRel|x64
		{8E9553F1-522E-3FB5-93B5-86D7472B2AB2}.MinSizeRel|x64.Build.0 = MinSizeRel|x64
		{8E9553F1-522E-3FB5-93B5-86D7472B2AB2}.RelWithDebInfo|x64.ActiveCfg = RelWithDebInfo|x64
		{8E9553F1-522E-3FB5-93B5-86D7472B2AB2}.RelWithDebInfo|x64.Build.0 = RelWithDebInfo|x64
		{6C47DCEB-172A-3C88-AE3A-A87877757718}.Debug|x64.ActiveCfg = Debug|x64
		{6C47DCEB-172A-3C88-AE3A-A87877757718}.Debug|x64.Build.0 = Debug|x64
		{6C47DCEB-172A-3C88-AE3A-A87877757718}.Release|x64.ActiveCfg = Release|x64
		{6C47DCEB-172A-3C88-AE3A-A87877757718}.Release|x64.Build.0 = Release|x64
		{6C47DCEB-172A-3C88-AE3A-A87877757718}.MinSizeRel|x64.ActiveCfg = MinSizeRel|x64
		{6C47DCEB-172A-3C88-AE3A-A87877757718}.MinSizeRel|x64.Build.0 = MinSizeRel|x64
		{6C47DCEB-172A-3C88-AE3A-A87877757718}.RelWithDebInfo|x64.ActiveCfg = RelWithDebInfo|x64
		{6C47DCEB-172A-3C88-AE3A-A87877757718}.RelWithDebInfo|x64.Build.0 = RelWithDebInfo|x64
		{E41262F1-766F-3F1B-9F9B-B6E4439E41FB}.Debug|x64.ActiveCfg = Debug|x64
		{E41262F1-766F-3F1B-9F9B-B6E4439E41FB}.Debug|x64.Build.0 = Debug|x64
		{E41262F1-766F-3F1B-9F9B-B6E4439E41FB}.Release|x64.ActiveCfg = Release|x64
		{E41262F1-766F-3F1B-9F9B-B6E4439E41FB}.Release|x64.Build.0 = Release|x64
		{E41262F1-766F-3F1B-9F9B-B6E4439E41FB}.MinSizeRel|x64.ActiveCfg = MinSizeRel|x64
		{E41262F1-766F-3F1B-9F9B-B6E4439E41FB}.MinSizeRel|x64.Build.0 = MinSizeRel|x64
		{E41262F1-766F-3F1B-9F9B-B6E4439E41FB}.RelWithDebInfo|x64.ActiveCfg = RelWithDebInfo|x64
		{E41262F1-766F-3F1B-9F9B-B6E4439E41FB}.RelWithDebInfo|x64.Build.0 = RelWithDebInfo|x64
		{7C92D295-5153-3126-ABE9-E054C500FEB6}.Debug|x64.ActiveCfg = Debug|x64
		{7C92D295-5153-3126-ABE9-E054C500FEB6}.Debug|x64.Build.0 = Debug|x64
		{7C92D295-5153-3126-ABE9-E054C500FEB6}.Release|x64.ActiveCfg = Release|x64
		{7C92D295-5153-3126-ABE9-E054C500FEB6}.Release|x64.Build.0 = Release|x64
		{7C92D295-5153-3126-ABE9-E054C500FEB6}.MinSizeRel|x64.ActiveCfg = MinSizeRel|x64
		{7C92D295-5153-3126-ABE9-E054C500FEB6}.MinSizeRel|x64.Build.0 = MinSizeRel|x64
		{7C92D295-5153-3126-ABE9-E054C500FEB6}.RelWithDebInfo|x64.ActiveCfg = RelWithDebInfo|x64
		{7C92D295-5153-3126-ABE9-E054C500FEB6}.RelWithDebInfo|x64.Build.0 = RelWithDebInfo|x64
		{968D37C8-320F-3F65-88E6-3303ABE75E7F}.Debug|x64.ActiveCfg = Debug|x64
		{968D37C8-320F-3F65-88E6-3303ABE75E7F}.Debug|x64.Build.0 = Debug|x64
		{968D37C8-320F-3F65-88E6-3303ABE75E7F}.Release|x64.ActiveCfg = Release|x64
		{968D37C8-320F-3F65-88E6-3303ABE75E7F}.Release|x64.Build.0 = Release|x64
		{968D37C8-320F-3F65-88E6-3303ABE75E7F}.MinSizeRel|x64.ActiveCfg = MinSizeRel|x64
		{968D37C8-320F-3F65-88E6-3303ABE75E7F}.MinSizeRel|x64.Build.0 = MinSizeRel|x64
		{968D37C8-320F-3F65-88E6-3303ABE75E7F}.RelWithDebInfo|x64.ActiveCfg = RelWithDebInfo|x64
		{968D37C8-320F-3F65-88E6-3303ABE75E7F}.RelWithDebInfo|x64.Build.0 = RelWithDebInfo|x64
		{26A646F0-3956-3A72-B716-7E77D781BB02}.Debug|x64.ActiveCfg = Debug|x64
		{26A646F0-3956-3A72-B716-7E77D781BB02}.Debug|x64.Build.0 = Debug|x64
		{26A646F0-3956-3A72-B716-7E77D781BB02}.Release|x64.ActiveCfg = Release|x64
		{26A646F0-3956-3A72-B716-7E77D781BB02}.Release|x64.Build.0 = Release|x64
		{26A646F0-3956-3A72-B716-7E77D781BB02}.MinSizeRel|x64.ActiveCfg = MinSizeRel|x64
		{26A646F0-3956-3A72-B716-7E77D781BB02}.MinSizeRel|x64.Build.0 = MinSizeRel|x64
		{26A646F0-3956-3A72-B716-7E77D781BB02}.RelWithDebInfo|x64.ActiveCfg = RelWithDebInfo|x64
		{26A646F0-3956-3A72-B716-7E77D781BB02}.RelWithDebInfo|x64.Build.0 = RelWithDebInfo|x64
		{F08E01C4-A9C4-368E-B48D-F662DBD2EA45}.Debug|x64.ActiveCfg = Debug|x64
		{F08E01C4-A9C4-368E-B48D-F662DBD2EA45}.Debug|x64.Build.0 = Debug|x64
		{F08E01C4-A9C4-368E-B48D-F662DBD2EA45}.Release|x64.ActiveCfg = Release|x64
		{F08E01C4-A9C4-368E-B48D-F662DBD2EA45}.Release|x64.Build.0 = Release|x64
		{F08E01C4-A9C4-368E-B48D-F662DBD2EA45}.MinSizeRel|x64.ActiveCfg = MinSizeRel|x64
		{F08E01C4-A9C4-368E-B48D-F662DBD2EA45}.MinSizeRel|x64.Build.0 = MinSizeRel|x64
		{F08E01C4-A9C4-368E-B48D-F662DBD2EA45}.RelWithDebInfo|x64.ActiveCfg = RelWithDebInfo|x64
		{F08E01C4-A9C4-368E-B48D-F662DBD2EA45}.RelWithDebInfo|x64.Build.0 = RelWithDebInfo|x64
		{49B352D9-AB55-3204-9C14-4A03E9D5F134}.Debug|x64.ActiveCfg = Debug|x64
		{49B352D9-AB55-3204-9C14-4A03E9D5F134}.Debug|x64.Build.0 = Debug|x64
		{49B352D9-AB55-3204-9C14-4A03E9D5F134}.Release|x64.ActiveCfg = Release|x64
		{49B352D9-AB55-3204-9C14-4A03E9D5F134}.Release|x64.Build.0 = Release|x64
		{49B352D9-AB55-3204-9C14-4A03E9D5F134}.MinSizeRel|x64.ActiveCfg = MinSizeRel|x64
		{49B352D9-AB55-3204-9C14-4A03E9D5F134}.MinSizeRel|x64.Build.0 = MinSizeRel|x64
		{49B352D9-AB55-3204-9C14-4A03E9D5F134}.RelWithDebInfo|x64.ActiveCfg = RelWithDebInfo|x64
		{49B352D9-AB55-3204-9C14-4A03E9D5F134}.RelWithDebInfo|x64.Build.0 = RelWithDebInfo|x64
		{13F7E697-BDEA-3B19-8B39-B1B39015D1DB}.Debug|x64.ActiveCfg = Debug|x64
		{13F7E697-BDEA-3B19-8B39-B1B39015D1DB}.Debug|x64.Build.0 = Debug|x64
		{13F7E697-BDEA-3B19-8B39-B1B39015D1DB}.Release|x64.ActiveCfg = Release|x64
		{13F7E697-BDEA-3B19-8B39-B1B39015D1DB}.Release|x64.Build.0 = Release|x64
		{13F7E697-BDEA-3B19-8B39-B1B39015D1DB}.MinSizeRel|x64.ActiveCfg = MinSizeRel|x64
		{13F7E697-BDEA-3B19-8B39-B1B39015D1DB}.MinSizeRel|x64.Build.0 = MinSizeRel|x64
		{13F7E697-BDEA-3B19-8B39-B1B39015D1DB}.RelWithDebInfo|x64.ActiveCfg = RelWithDebInfo|x64
		{13F7E697-BDEA-3B19-8B39-B1B39015D1DB}.RelWithDebInfo|x64.Build.0 = RelWithDebInfo|x64
		{A3B6CFE8-5F9A-38A3-A89F-0F49EAF6C5D8}.Debug|x64.ActiveCfg = Debug|x64
		{A3B6CFE8-5F9A-38A3-A89F-0F49EAF6C5D8}.Debug|x64.Build.0 = Debug|x64
		{A3B6CFE8-5F9A-38A3-A89F-0F49EAF6C5D8}.Release|x64.ActiveCfg = Release|x64
		{A3B6CFE8-5F9A-38A3-A89F-0F49EAF6C5D8}.Release|x64.Build.0 = Release|x64
		{A3B6CFE8-5F9A-38A3-A89F-0F49EAF6C5D8}.MinSizeRel|x64.ActiveCfg = MinSizeRel|x64
		{A3B6CFE8-5F9A-38A3-A89F-0F49EAF6C5D8}.MinSizeRel|x64.Build.0 = MinSizeRel|x64
		{A3B6CFE8-5F9A-38A3-A89F-0F49EAF6C5D8}.RelWithDebInfo|x64.ActiveCfg = RelWithDebInfo|x64
		{A3B6CFE8-5F9A-38A3-A89F-0F49EAF6C5D8}.RelWithDebInfo|x64.Build.0 = RelWithDebInfo|x64
		{FC9DB5F6-BCBA-3CE5-9443-2FD4C0AF4CDC}.Debug|x64.ActiveCfg = Debug|x64
		{FC9DB5F6-BCBA-3CE5-9443-2FD4C0AF4CDC}.Debug|x64.Build.0 = Debug|x64
		{FC9DB5F6-BCBA-3CE5-9443-2FD4C0AF4CDC}.Release|x64.ActiveCfg = Release|x64
		{FC9DB5F6-BCBA-3CE5-9443-2FD4C0AF4CDC}.Release|x64.Build.0 = Release|x64
		{FC9DB5F6-BCBA-3CE5-9443-2FD4C0AF4CDC}.MinSizeRel|x64.ActiveCfg = MinSizeRel|x64
		{FC9DB5F6-BCBA-3CE5-9443-2FD4C0AF4CDC}.MinSizeRel|x64.Build.0 = MinSizeRel|x64
		{FC9DB5F6-BCBA-3CE5-9443-2FD4C0AF4CDC}.RelWithDebInfo|x64.ActiveCfg = RelWithDebInfo|x64
		{FC9DB5F6-BCBA-3CE5-9443-2FD4C0AF4CDC}.RelWithDebInfo|x64.Build.0 = RelWithDebInfo|x64
		{E78FC9DB-29FF-3E68-A335-1A313143EF4D}.Debug|x64.ActiveCfg = Debug|x64
		{E78FC9DB-29FF-3E68-A335-1A313143EF4D}.Debug|x64.Build.0 = Debug|x64
		{E78FC9DB-29FF-3E68-A335-1A313143EF4D}.Release|x64.ActiveCfg = Release|x64
		{E78FC9DB-29FF-3E68-A335-1A313143EF4D}.Release|x64.Build.0 = Release|x64
		{E78FC9DB-29FF-3E68-A335-1A313143EF4D}.MinSizeRel|x64.ActiveCfg = MinSizeRel|x64
		{E78FC9DB-29FF-3E68-A335-1A313143EF4D}.MinSizeRel|x64.Build.0 = MinSizeRel|x64
		{E78FC9DB-29FF-3E68-A335-1A313143EF4D}.RelWithDebInfo|x64.ActiveCfg = RelWithDebInfo|x64
		{E78FC9DB-29FF-3E68-A335-1A313143EF4D}.RelWithDebInfo|x64.Build.0 = RelWithDebInfo|x64
		{C72D8DA5-1FE6-3315-A53E-D3F31FD796E1}.Debug|x64.ActiveCfg = Debug|x64
		{C72D8DA5-1FE6-3315-A53E-D3F31FD796E1}.Debug|x64.Build.0 = Debug|x64
		{C72D8DA5-1FE6-3315-A53E-D3F31FD796E1}.Release|x64.ActiveCfg = Release|x64
		{C72D8DA5-1FE6-3315-A53E-D3F31FD796E1}.Release|x64.Build.0 = Release|x64
		{C72D8DA5-1FE6-3315-A53E-D3F31FD796E1}.MinSizeRel|x64.ActiveCfg = MinSizeRel|x64
		{C72D8DA5-1FE6-3315-A53E-D3F31FD796E1}.MinSizeRel|x64.Build.0 = MinSizeRel|x64
		{C72D8DA5-1FE6-3315-A53E-D3F31FD796E1}.RelWithDebInfo|x64.ActiveCfg = RelWithDebInfo|x64
		{C72D8DA5-1FE6-3315-A53E-D3F31FD796E1}.RelWithDebInfo|x64.Build.0 = RelWithDebInfo|x64
		{99F30009-97B5-388C-86C1-EE85A881C71E}.Debug|x64.ActiveCfg = Debug|x64
		{99F30009-97B5-388C-86C1-EE85A881C71E}.Debug|x64.Build.0 = Debug|x64
		{99F30009-97B5-388C-86C1-EE85A881C71E}.Release|x64.ActiveCfg = Release|x64
		{99F30009-97B5-388C-86C1-EE85A881C71E}.Release|x64.Build.0 = Release|x64
		{99F30009-97B5-388C-86C1-EE85A881C71E}.MinSizeRel|x64.ActiveCfg = MinSizeRel|x64
		{99F30009-97B5-388C-86C1-EE85A881C71E}.MinSizeRel|x64.Build.0 = MinSizeRel|x64
		{99F30009-97B5-388C-86C1-EE85A881C71E}.RelWithDebInfo|x64.ActiveCfg = RelWithDebInfo|x64
		{99F30009-97B5-388C-86C1-EE85A881C71E}.RelWithDebInfo|x64.Build.0 = RelWithDebInfo|x64
		{AE64FEEB-8CBB-3C3A-8534-AFA7AB117493}.Debug|x64.ActiveCfg = Debug|x64
		{AE64FEEB-8CBB-3C3A-8534-AFA7AB117493}.Debug|x64.Build.0 = Debug|x64
		{AE64FEEB-8CBB-3C3A-8534-AFA7AB117493}.Release|x64.ActiveCfg = Release|x64
		{AE64FEEB-8CBB-3C3A-8534-AFA7AB117493}.Release|x64.Build.0 = Release|x64
		{AE64FEEB-8CBB-3C3A-8534-AFA7AB117493}.MinSizeRel|x64.ActiveCfg = MinSizeRel|x64
		{AE64FEEB-8CBB-3C3A-8534-AFA7AB117493}.MinSizeRel|x64.Build.0 = MinSizeRel|x64
		{AE64FEEB-8CBB-3C3A-8534-AFA7AB117493}.RelWithDebInfo|x64.ActiveCfg = RelWithDebInfo|x64
		{AE64FEEB-8CBB-3C3A-8534-AFA7AB117493}.RelWithDebInfo|x64.Build.0 = RelWithDebInfo|x64
		{818FA8C6-209A-3DE4-8F4A-2AF0516914B4}.Debug|x64.ActiveCfg = Debug|x64
		{818FA8C6-209A-3DE4-8F4A-2AF0516914B4}.Debug|x64.Build.0 = Debug|x64
		{818FA8C6-209A-3DE4-8F4A-2AF0516914B4}.Release|x64.ActiveCfg = Release|x64
		{818FA8C6-209A-3DE4-8F4A-2AF0516914B4}.Release|x64.Build.0 = Release|x64
		{818FA8C6-209A-3DE4-8F4A-2AF0516914B4}.MinSizeRel|x64.ActiveCfg = MinSizeRel|x64
		{818FA8C6-209A-3DE4-8F4A-2AF0516914B4}.MinSizeRel|x64.Build.0 = MinSizeRel|x64
		{818FA8C6-209A-3DE4-8F4A-2AF0516914B4}.RelWithDebInfo|x64.ActiveCfg = RelWithDebInfo|x64
		{818FA8C6-209A-3DE4-8F4A-2AF0516914B4}.RelWithDebInfo|x64.Build.0 = RelWithDebInfo|x64
		{D7B2741E-F254-3100-8774-D1F78A5829DF}.Debug|x64.ActiveCfg = Debug|x64
		{D7B2741E-F254-3100-8774-D1F78A5829DF}.Debug|x64.Build.0 = Debug|x64
		{D7B2741E-F254-3100-8774-D1F78A5829DF}.Release|x64.ActiveCfg = Release|x64
		{D7B2741E-F254-3100-8774-D1F78A5829DF}.Release|x64.Build.0 = Release|x64
		{D7B2741E-F254-3100-8774-D1F78A5829DF}.MinSizeRel|x64.ActiveCfg = MinSizeRel|x64
		{D7B2741E-F254-3100-8774-D1F78A5829DF}.MinSizeRel|x64.Build.0 = MinSizeRel|x64
		{D7B2741E-F254-3100-8774-D1F78A5829DF}.RelWithDebInfo|x64.ActiveCfg = RelWithDebInfo|x64
		{D7B2741E-F254-3100-8774-D1F78A5829DF}.RelWithDebInfo|x64.Build.0 = RelWithDebInfo|x64
		{E4AD17DA-8A8A-3894-BD76-11EDD95462A8}.Debug|x64.ActiveCfg = Debug|x64
		{E4AD17DA-8A8A-3894-BD76-11EDD95462A8}.Debug|x64.Build.0 = Debug|x64
		{E4AD17DA-8A8A-3894-BD76-11EDD95462A8}.Release|x64.ActiveCfg = Release|x64
		{E4AD17DA-8A8A-3894-BD76-11EDD95462A8}.Release|x64.Build.0 = Release|x64
		{E4AD17DA-8A8A-3894-BD76-11EDD95462A8}.MinSizeRel|x64.ActiveCfg = MinSizeRel|x64
		{E4AD17DA-8A8A-3894-BD76-11EDD95462A8}.MinSizeRel|x64.Build.0 = MinSizeRel|x64
		{E4AD17DA-8A8A-3894-BD76-11EDD95462A8}.RelWithDebInfo|x64.ActiveCfg = RelWithDebInfo|x64
		{E4AD17DA-8A8A-3894-BD76-11EDD95462A8}.RelWithDebInfo|x64.Build.0 = RelWithDebInfo|x64
		{07EE816C-A4FA-3BF4-9C17-26562D038447}.Debug|x64.ActiveCfg = Debug|x64
		{07EE816C-A4FA-3BF4-9C17-26562D038447}.Debug|x64.Build.0 = Debug|x64
		{07EE816C-A4FA-3BF4-9C17-26562D038447}.Release|x64.ActiveCfg = Release|x64
		{07EE816C-A4FA-3BF4-9C17-26562D038447}.Release|x64.Build.0 = Release|x64
		{07EE816C-A4FA-3BF4-9C17-26562D038447}.MinSizeRel|x64.ActiveCfg = MinSizeRel|x64
		{07EE816C-A4FA-3BF4-9C17-26562D038447}.MinSizeRel|x64.Build.0 = MinSizeRel|x64
		{07EE816C-A4FA-3BF4-9C17-26562D038447}.RelWithDebInfo|x64.ActiveCfg = RelWithDebInfo|x64
		{07EE816C-A4FA-3BF4-9C17-26562D038447}.RelWithDebInfo|x64.Build.0 = RelWithDebInfo|x64
		{E614E14D-809D-3291-8911-4AE6A3EE7F61}.Debug|x64.ActiveCfg = Debug|x64
		{E614E14D-809D-3291-8911-4AE6A3EE7F61}.Debug|x64.Build.0 = Debug|x64
		{E614E14D-809D-3291-8911-4AE6A3EE7F61}.Release|x64.ActiveCfg = Release|x64
		{E614E14D-809D-3291-8911-4AE6A3EE7F61}.Release|x64.Build.0 = Release|x64
		{E614E14D-809D-3291-8911-4AE6A3EE7F61}.MinSizeRel|x64.ActiveCfg = MinSizeRel|x64
		{E614E14D-809D-3291-8911-4AE6A3EE7F61}.MinSizeRel|x64.Build.0 = MinSizeRel|x64
		{E614E14D-809D-3291-8911-4AE6A3EE7F61}.RelWithDebInfo|x64.ActiveCfg = RelWithDebInfo|x64
		{E614E14D-809D-3291-8911-4AE6A3EE7F61}.RelWithDebInfo|x64.Build.0 = RelWithDebInfo|x64
		{B9664DBF-A418-3968-8CFB-364F56CE13AF}.Debug|x64.ActiveCfg = Debug|x64
		{B9664DBF-A418-3968-8CFB-364F56CE13AF}.Debug|x64.Build.0 = Debug|x64
		{B9664DBF-A418-3968-8CFB-364F56CE13AF}.Release|x64.ActiveCfg = Release|x64
		{B9664DBF-A418-3968-8CFB-364F56CE13AF}.Release|x64.Build.0 = Release|x64
		{B9664DBF-A418-3968-8CFB-364F56CE13AF}.MinSizeRel|x64.ActiveCfg = MinSizeRel|x64
		{B9664DBF-A418-3968-8CFB-364F56CE13AF}.MinSizeRel|x64.Build.0 = MinSizeRel|x64
		{B9664DBF-A418-3968-8CFB-364F56CE13AF}.RelWithDebInfo|x64.ActiveCfg = RelWithDebInfo|x64
		{B9664DBF-A418-3968-8CFB-364F56CE13AF}.RelWithDebInfo|x64.Build.0 = RelWithDebInfo|x64
		{DF97BB48-6E16-30DE-8FBF-18B3D3199B1C}.Debug|x64.ActiveCfg = Debug|x64
		{DF97BB48-6E16-30DE-8FBF-18B3D3199B1C}.Debug|x64.Build.0 = Debug|x64
		{DF97BB48-6E16-30DE-8FBF-18B3D3199B1C}.Release|x64.ActiveCfg = Release|x64
		{DF97BB48-6E16-30DE-8FBF-18B3D3199B1C}.Release|x64.Build.0 = Release|x64
		{DF97BB48-6E16-30DE-8FBF-18B3D3199B1C}.MinSizeRel|x64.ActiveCfg = MinSizeRel|x64
		{DF97BB48-6E16-30DE-8FBF-18B3D3199B1C}.MinSizeRel|x64.Build.0 = MinSizeRel|x64
		{DF97BB48-6E16-30DE-8FBF-18B3D3199B1C}.RelWithDebInfo|x64.ActiveCfg = RelWithDebInfo|x64
		{DF97BB48-6E16-30DE-8FBF-18B3D3199B1C}.RelWithDebInfo|x64.Build.0 = RelWithDebInfo|x64
		{48F7E6AA-0840-3F9D-8BBF-32B9A5A515BD}.Debug|x64.ActiveCfg = Debug|x64
		{48F7E6AA-0840-3F9D-8BBF-32B9A5A515BD}.Debug|x64.Build.0 = Debug|x64
		{48F7E6AA-0840-3F9D-8BBF-32B9A5A515BD}.Release|x64.ActiveCfg = Release|x64
		{48F7E6AA-0840-3F9D-8BBF-32B9A5A515BD}.Release|x64.Build.0 = Release|x64
		{48F7E6AA-0840-3F9D-8BBF-32B9A5A515BD}.MinSizeRel|x64.ActiveCfg = MinSizeRel|x64
		{48F7E6AA-0840-3F9D-8BBF-32B9A5A515BD}.MinSizeRel|x64.Build.0 = MinSizeRel|x64
		{48F7E6AA-0840-3F9D-8BBF-32B9A5A515BD}.RelWithDebInfo|x64.ActiveCfg = RelWithDebInfo|x64
		{48F7E6AA-0840-3F9D-8BBF-32B9A5A515BD}.RelWithDebInfo|x64.Build.0 = RelWithDebInfo|x64
		{4571D72F-7000-3CE4-B3FB-ADBD11AB0DB0}.Debug|x64.ActiveCfg = Debug|x64
		{4571D72F-7000-3CE4-B3FB-ADBD11AB0DB0}.Debug|x64.Build.0 = Debug|x64
		{4571D72F-7000-3CE4-B3FB-ADBD11AB0DB0}.Release|x64.ActiveCfg = Release|x64
		{4571D72F-7000-3CE4-B3FB-ADBD11AB0DB0}.Release|x64.Build.0 = Release|x64
		{4571D72F-7000-3CE4-B3FB-ADBD11AB0DB0}.MinSizeRel|x64.ActiveCfg = MinSizeRel|x64
		{4571D72F-7000-3CE4-B3FB-ADBD11AB0DB0}.MinSizeRel|x64.Build.0 = MinSizeRel|x64
		{4571D72F-7000-3CE4-B3FB-ADBD11AB0DB0}.RelWithDebInfo|x64.ActiveCfg = RelWithDebInfo|x64
		{4571D72F-7000-3CE4-B3FB-ADBD11AB0DB0}.RelWithDebInfo|x64.Build.0 = RelWithDebInfo|x64
		{3BD4FD29-D06D-3CFA-B935-DF182E25FE8C}.Debug|x64.ActiveCfg = Debug|x64
		{3BD4FD29-D06D-3CFA-B935-DF182E25FE8C}.Debug|x64.Build.0 = Debug|x64
		{3BD4FD29-D06D-3CFA-B935-DF182E25FE8C}.Release|x64.ActiveCfg = Release|x64
		{3BD4FD29-D06D-3CFA-B935-DF182E25FE8C}.Release|x64.Build.0 = Release|x64
		{3BD4FD29-D06D-3CFA-B935-DF182E25FE8C}.MinSizeRel|x64.ActiveCfg = MinSizeRel|x64
		{3BD4FD29-D06D-3CFA-B935-DF182E25FE8C}.MinSizeRel|x64.Build.0 = MinSizeRel|x64
		{3BD4FD29-D06D-3CFA-B935-DF182E25FE8C}.RelWithDebInfo|x64.ActiveCfg = RelWithDebInfo|x64
		{3BD4FD29-D06D-3CFA-B935-DF182E25FE8C}.RelWithDebInfo|x64.Build.0 = RelWithDebInfo|x64
		{E14BC15C-C692-3E45-8929-8F9AAFA0519E}.Debug|x64.ActiveCfg = Debug|x64
		{E14BC15C-C692-3E45-8929-8F9AAFA0519E}.Debug|x64.Build.0 = Debug|x64
		{E14BC15C-C692-3E45-8929-8F9AAFA0519E}.Release|x64.ActiveCfg = Release|x64
		{E14BC15C-C692-3E45-8929-8F9AAFA0519E}.Release|x64.Build.0 = Release|x64
		{E14BC15C-C692-3E45-8929-8F9AAFA0519E}.MinSizeRel|x64.ActiveCfg = MinSizeRel|x64
		{E14BC15C-C692-3E45-8929-8F9AAFA0519E}.MinSizeRel|x64.Build.0 = MinSizeRel|x64
		{E14BC15C-C692-3E45-8929-8F9AAFA0519E}.RelWithDebInfo|x64.ActiveCfg = RelWithDebInfo|x64
		{E14BC15C-C692-3E45-8929-8F9AAFA0519E}.RelWithDebInfo|x64.Build.0 = RelWithDebInfo|x64
		{3637834F-E70E-3814-9B25-1B6E556D2FB5}.Debug|x64.ActiveCfg = Debug|x64
		{3637834F-E70E-3814-9B25-1B6E556D2FB5}.Debug|x64.Build.0 = Debug|x64
		{3637834F-E70E-3814-9B25-1B6E556D2FB5}.Release|x64.ActiveCfg = Release|x64
		{3637834F-E70E-3814-9B25-1B6E556D2FB5}.Release|x64.Build.0 = Release|x64
		{3637834F-E70E-3814-9B25-1B6E556D2FB5}.MinSizeRel|x64.ActiveCfg = MinSizeRel|x64
		{3637834F-E70E-3814-9B25-1B6E556D2FB5}.MinSizeRel|x64.Build.0 = MinSizeRel|x64
		{3637834F-E70E-3814-9B25-1B6E556D2FB5}.RelWithDebInfo|x64.ActiveCfg = RelWithDebInfo|x64
		{3637834F-E70E-3814-9B25-1B6E556D2FB5}.RelWithDebInfo|x64.Build.0 = RelWithDebInfo|x64
		{B51F9664-2753-3413-82C3-F856EA390747}.Debug|x64.ActiveCfg = Debug|x64
		{B51F9664-2753-3413-82C3-F856EA390747}.Debug|x64.Build.0 = Debug|x64
		{B51F9664-2753-3413-82C3-F856EA390747}.Release|x64.ActiveCfg = Release|x64
		{B51F9664-2753-3413-82C3-F856EA390747}.Release|x64.Build.0 = Release|x64
		{B51F9664-2753-3413-82C3-F856EA390747}.MinSizeRel|x64.ActiveCfg = MinSizeRel|x64
		{B51F9664-2753-3413-82C3-F856EA390747}.MinSizeRel|x64.Build.0 = MinSizeRel|x64
		{B51F9664-2753-3413-82C3-F856EA390747}.RelWithDebInfo|x64.ActiveCfg = RelWithDebInfo|x64
		{B51F9664-2753-3413-82C3-F856EA390747}.RelWithDebInfo|x64.Build.0 = RelWithDebInfo|x64
		{B6800FB1-D976-33EA-84FD-A5229309881E}.Debug|x64.ActiveCfg = Debug|x64
		{B6800FB1-D976-33EA-84FD-A5229309881E}.Debug|x64.Build.0 = Debug|x64
		{B6800FB1-D976-33EA-84FD-A5229309881E}.Release|x64.ActiveCfg = Release|x64
		{B6800FB1-D976-33EA-84FD-A5229309881E}.Release|x64.Build.0 = Release|x64
		{B6800FB1-D976-33EA-84FD-A5229309881E}.MinSizeRel|x64.ActiveCfg = MinSizeRel|x64
		{B6800FB1-D976-33EA-84FD-A5229309881E}.MinSizeRel|x64.Build.0 = MinSizeRel|x64
		{B6800FB1-D976-33EA-84FD-A5229309881E}.RelWithDebInfo|x64.ActiveCfg = RelWithDebInfo|x64
		{B6800FB1-D976-33EA-84FD-A5229309881E}.RelWithDebInfo|x64.Build.0 = RelWithDebInfo|x64
		{8555A42B-A809-3EC4-890E-DE59C7C76CEA}.Debug|x64.ActiveCfg = Debug|x64
		{8555A42B-A809-3EC4-890E-DE59C7C76CEA}.Release|x64.ActiveCfg = Release|x64
		{8555A42B-A809-3EC4-890E-DE59C7C76CEA}.MinSizeRel|x64.ActiveCfg = MinSizeRel|x64
		{8555A42B-A809-3EC4-890E-DE59C7C76CEA}.RelWithDebInfo|x64.ActiveCfg = RelWithDebInfo|x64
		{EDB9A786-E60B-3E3E-8B13-F04A5F83C217}.Debug|x64.ActiveCfg = Debug|x64
		{EDB9A786-E60B-3E3E-8B13-F04A5F83C217}.Release|x64.ActiveCfg = Release|x64
		{EDB9A786-E60B-3E3E-8B13-F04A5F83C217}.MinSizeRel|x64.ActiveCfg = MinSizeRel|x64
		{EDB9A786-E60B-3E3E-8B13-F04A5F83C217}.RelWithDebInfo|x64.ActiveCfg = RelWithDebInfo|x64
		{55136677-208A-3DCF-95F1-5A6E9D1EE3F6}.Debug|x64.ActiveCfg = Debug|x64
		{55136677-208A-3DCF-95F1-5A6E9D1EE3F6}.Debug|x64.Build.0 = Debug|x64
		{55136677-208A-3DCF-95F1-5A6E9D1EE3F6}.Release|x64.ActiveCfg = Release|x64
		{55136677-208A-3DCF-95F1-5A6E9D1EE3F6}.Release|x64.Build.0 = Release|x64
		{55136677-208A-3DCF-95F1-5A6E9D1EE3F6}.MinSizeRel|x64.ActiveCfg = MinSizeRel|x64
		{55136677-208A-3DCF-95F1-5A6E9D1EE3F6}.MinSizeRel|x64.Build.0 = MinSizeRel|x64
		{55136677-208A-3DCF-95F1-5A6E9D1EE3F6}.RelWithDebInfo|x64.ActiveCfg = RelWithDebInfo|x64
		{55136677-208A-3DCF-95F1-5A6E9D1EE3F6}.RelWithDebInfo|x64.Build.0 = RelWithDebInfo|x64
		{65CF0396-D612-3E85-989C-F0EE35ADE41A}.Debug|x64.ActiveCfg = Debug|x64
		{65CF0396-D612-3E85-989C-F0EE35ADE41A}.Debug|x64.Build.0 = Debug|x64
		{65CF0396-D612-3E85-989C-F0EE35ADE41A}.Release|x64.ActiveCfg = Release|x64
		{65CF0396-D612-3E85-989C-F0EE35ADE41A}.Release|x64.Build.0 = Release|x64
		{65CF0396-D612-3E85-989C-F0EE35ADE41A}.MinSizeRel|x64.ActiveCfg = MinSizeRel|x64
		{65CF0396-D612-3E85-989C-F0EE35ADE41A}.MinSizeRel|x64.Build.0 = MinSizeRel|x64
		{65CF0396-D612-3E85-989C-F0EE35ADE41A}.RelWithDebInfo|x64.ActiveCfg = RelWithDebInfo|x64
		{65CF0396-D612-3E85-989C-F0EE35ADE41A}.RelWithDebInfo|x64.Build.0 = RelWithDebInfo|x64
	EndGlobalSection
	GlobalSection(NestedProjects) = preSolution
		{873C70D2-0151-3D8D-8916-5A332C0E1309} = {7ABE8202-B49E-3CC3-9D3E-045114D727E1}
		{EB5D0672-E7F1-38A8-8975-7CCC4271CBA0} = {7ABE8202-B49E-3CC3-9D3E-045114D727E1}
		{8E9553F1-522E-3FB5-93B5-86D7472B2AB2} = {7ABE8202-B49E-3CC3-9D3E-045114D727E1}
		{5D6EE828-04CF-39CE-9CB6-AA2A92875729} = {987D3256-09C2-328C-9E86-3A5F48072FF2}
		{6DB5771A-F6DA-39FF-959B-F920830B7FE2} = {987D3256-09C2-328C-9E86-3A5F48072FF2}
		{13F7E697-BDEA-3B19-8B39-B1B39015D1DB} = {987D3256-09C2-328C-9E86-3A5F48072FF2}
		{8555A42B-A809-3EC4-890E-DE59C7C76CEA} = {987D3256-09C2-328C-9E86-3A5F48072FF2}
		{EDB9A786-E60B-3E3E-8B13-F04A5F83C217} = {987D3256-09C2-328C-9E86-3A5F48072FF2}
		{6C47DCEB-172A-3C88-AE3A-A87877757718} = {5D6EE828-04CF-39CE-9CB6-AA2A92875729}
		{49B352D9-AB55-3204-9C14-4A03E9D5F134} = {5D6EE828-04CF-39CE-9CB6-AA2A92875729}
		{FC9DB5F6-BCBA-3CE5-9443-2FD4C0AF4CDC} = {5D6EE828-04CF-39CE-9CB6-AA2A92875729}
		{E4AD17DA-8A8A-3894-BD76-11EDD95462A8} = {5D6EE828-04CF-39CE-9CB6-AA2A92875729}
		{E614E14D-809D-3291-8911-4AE6A3EE7F61} = {5D6EE828-04CF-39CE-9CB6-AA2A92875729}
		{DF97BB48-6E16-30DE-8FBF-18B3D3199B1C} = {5D6EE828-04CF-39CE-9CB6-AA2A92875729}
		{48F7E6AA-0840-3F9D-8BBF-32B9A5A515BD} = {5D6EE828-04CF-39CE-9CB6-AA2A92875729}
		{4571D72F-7000-3CE4-B3FB-ADBD11AB0DB0} = {5D6EE828-04CF-39CE-9CB6-AA2A92875729}
		{55136677-208A-3DCF-95F1-5A6E9D1EE3F6} = {5D6EE828-04CF-39CE-9CB6-AA2A92875729}
		{E41262F1-766F-3F1B-9F9B-B6E4439E41FB} = {6DB5771A-F6DA-39FF-959B-F920830B7FE2}
		{7C92D295-5153-3126-ABE9-E054C500FEB6} = {6DB5771A-F6DA-39FF-959B-F920830B7FE2}
		{968D37C8-320F-3F65-88E6-3303ABE75E7F} = {6DB5771A-F6DA-39FF-959B-F920830B7FE2}
		{26A646F0-3956-3A72-B716-7E77D781BB02} = {6DB5771A-F6DA-39FF-959B-F920830B7FE2}
		{F08E01C4-A9C4-368E-B48D-F662DBD2EA45} = {6DB5771A-F6DA-39FF-959B-F920830B7FE2}
		{A3B6CFE8-5F9A-38A3-A89F-0F49EAF6C5D8} = {6DB5771A-F6DA-39FF-959B-F920830B7FE2}
		{E78FC9DB-29FF-3E68-A335-1A313143EF4D} = {6DB5771A-F6DA-39FF-959B-F920830B7FE2}
		{C72D8DA5-1FE6-3315-A53E-D3F31FD796E1} = {6DB5771A-F6DA-39FF-959B-F920830B7FE2}
		{99F30009-97B5-388C-86C1-EE85A881C71E} = {6DB5771A-F6DA-39FF-959B-F920830B7FE2}
		{AE64FEEB-8CBB-3C3A-8534-AFA7AB117493} = {6DB5771A-F6DA-39FF-959B-F920830B7FE2}
		{818FA8C6-209A-3DE4-8F4A-2AF0516914B4} = {6DB5771A-F6DA-39FF-959B-F920830B7FE2}
		{D7B2741E-F254-3100-8774-D1F78A5829DF} = {6DB5771A-F6DA-39FF-959B-F920830B7FE2}
		{07EE816C-A4FA-3BF4-9C17-26562D038447} = {6DB5771A-F6DA-39FF-959B-F920830B7FE2}
		{B9664DBF-A418-3968-8CFB-364F56CE13AF} = {6DB5771A-F6DA-39FF-959B-F920830B7FE2}
		{3BD4FD29-D06D-3CFA-B935-DF182E25FE8C} = {6DB5771A-F6DA-39FF-959B-F920830B7FE2}
		{E14BC15C-C692-3E45-8929-8F9AAFA0519E} = {6DB5771A-F6DA-39FF-959B-F920830B7FE2}
		{3637834F-E70E-3814-9B25-1B6E556D2FB5} = {6DB5771A-F6DA-39FF-959B-F920830B7FE2}
		{B51F9664-2753-3413-82C3-F856EA390747} = {6DB5771A-F6DA-39FF-959B-F920830B7FE2}
		{B6800FB1-D976-33EA-84FD-A5229309881E} = {6DB5771A-F6DA-39FF-959B-F920830B7FE2}
		{65CF0396-D612-3E85-989C-F0EE35ADE41A} = {6DB5771A-F6DA-39FF-959B-F920830B7FE2}
	EndGlobalSection
	GlobalSection(ExtensibilityGlobals) = postSolution
		SolutionGuid = {994067F3-6EDA-3EFC-801C-6739BF0C0AF5}
	EndGlobalSection
	GlobalSection(ExtensibilityAddIns) = postSolution
	EndGlobalSection
EndGlobal
